
Microsoft Visual Studio Solution File, Format Version 12.00
# Visual Studio Version 17
VisualStudioVersion = 17.5.33516.290
MinimumVisualStudioVersion = 10.0.40219.1
Project("{FAE04EC0-301F-11D3-BF4B-00C04F79EFBC}") = "API.Osmosis", "API.Osmosis\API.Osmosis.csproj", "{AC0E5D4F-DD9C-4CCB-96B4-483F680F4513}"
EndProject
Global
	GlobalSection(SolutionConfigurationPlatforms) = preSolution
		Debug|Any CPU = Debug|Any CPU
		Release|Any CPU = Release|Any CPU
	EndGlobalSection
	GlobalSection(ProjectConfigurationPlatforms) = postSolution
		{AC0E5D4F-DD9C-4CCB-96B4-483F680F4513}.Debug|Any CPU.ActiveCfg = Debug|Any CPU
		{AC0E5D4F-DD9C-4CCB-96B4-483F680F4513}.Debug|Any CPU.Build.0 = Debug|Any CPU
		{AC0E5D4F-DD9C-4CCB-96B4-483F680F4513}.Release|Any CPU.ActiveCfg = Release|Any CPU
		{AC0E5D4F-DD9C-4CCB-96B4-483F680F4513}.Release|Any CPU.Build.0 = Release|Any CPU
	EndGlobalSection
	GlobalSection(SolutionProperties) = preSolution
		HideSolutionNode = FALSE
	EndGlobalSection
	GlobalSection(ExtensibilityGlobals) = postSolution
		SolutionGuid = {6D16C942-8F77-4517-9691-60C2626F81D3}
	EndGlobalSection
EndGlobal
